# This file is automatically @generated by Cargo.
# It is not intended for manual editing.
version = 4

[[package]]
name = "swal-agent"
version = "0.1.0"

[[package]]
name = "swal-core"
version = "0.1.0"

[[package]]
name = "swal-gateway"
version = "0.1.0"

[[package]]
name = "swal-loop"
version = "0.1.0"

[[package]]
name = "swal-sched"
version = "0.1.0"

[[package]]
name = "swal-store"
version = "0.1.0"

[[package]]
name = "swal-sync"
version = "0.1.0"

[[package]]
name = "swal-tools-native"
version = "0.1.0"

[[package]]
name = "swal-tools-web"
version = "0.1.0"
